// !$*UTF8*$!
{
	archiveVersion = 1;
	classes = {
	};
	objectVersion = 52;
	objects = {

/* Begin PBXBuildFile section */
		120EE44227439C52005B2E32 /* SearchViewModel.swift in Sources */ = {isa = PBXBuildFile; fileRef = 120EE44127439C52005B2E32 /* SearchViewModel.swift */; };
		120EE4442743AB37005B2E32 /* RedditGroup.swift in Sources */ = {isa = PBXBuildFile; fileRef = 120EE4432743AB37005B2E32 /* RedditGroup.swift */; };
		120EE4462743DE33005B2E32 /* RedditSearchData.swift in Sources */ = {isa = PBXBuildFile; fileRef = 120EE4452743DE33005B2E32 /* RedditSearchData.swift */; };
		120EE44C274401C8005B2E32 /* Comment.swift in Sources */ = {isa = PBXBuildFile; fileRef = 120EE44B274401C8005B2E32 /* Comment.swift */; };
		120EE44E274405E6005B2E32 /* CommentViewModel.swift in Sources */ = {isa = PBXBuildFile; fileRef = 120EE44D274405E6005B2E32 /* CommentViewModel.swift */; };
		120EE45027441D8D005B2E32 /* UserCommentViewModel.swift in Sources */ = {isa = PBXBuildFile; fileRef = 120EE44F27441D8D005B2E32 /* UserCommentViewModel.swift */; };
		120EE45227441F53005B2E32 /* ProfileViewModel.swift in Sources */ = {isa = PBXBuildFile; fileRef = 120EE45127441F53005B2E32 /* ProfileViewModel.swift */; };
		122BB1C5273EACE500D00E76 /* Reddit_CloneApp.swift in Sources */ = {isa = PBXBuildFile; fileRef = 122BB1C4273EACE500D00E76 /* Reddit_CloneApp.swift */; };
		122BB1C7273EACE500D00E76 /* ContentView.swift in Sources */ = {isa = PBXBuildFile; fileRef = 122BB1C6273EACE500D00E76 /* ContentView.swift */; };
		122BB1C9273EACE600D00E76 /* Assets.xcassets in Resources */ = {isa = PBXBuildFile; fileRef = 122BB1C8273EACE600D00E76 /* Assets.xcassets */; };
		122BB1CC273EACE600D00E76 /* Preview Assets.xcassets in Resources */ = {isa = PBXBuildFile; fileRef = 122BB1CB273EACE600D00E76 /* Preview Assets.xcassets */; };
		12C9BD64274A2304004FDF5E /* GroupCellViewModel.swift in Sources */ = {isa = PBXBuildFile; fileRef = 12C9BD63274A2304004FDF5E /* GroupCellViewModel.swift */; };
		12C9BD68274A39A1004FDF5E /* GroupView.swift in Sources */ = {isa = PBXBuildFile; fileRef = 12C9BD67274A39A1004FDF5E /* GroupView.swift */; };
		12C9BD6B274A39EA004FDF5E /* SearchCell.swift in Sources */ = {isa = PBXBuildFile; fileRef = 12C9BD69274A39EA004FDF5E /* SearchCell.swift */; };
		12C9BD6C274A39EA004FDF5E /* SearchListView.swift in Sources */ = {isa = PBXBuildFile; fileRef = 12C9BD6A274A39EA004FDF5E /* SearchListView.swift */; };
		12C9BD6E274A3BD3004FDF5E /* CreatePostTextView.swift in Sources */ = {isa = PBXBuildFile; fileRef = 12C9BD6D274A3BD3004FDF5E /* CreatePostTextView.swift */; };
		12C9BD70274A5827004FDF5E /* ProfileFeedView.swift in Sources */ = {isa = PBXBuildFile; fileRef = 12C9BD6F274A5827004FDF5E /* ProfileFeedView.swift */; };
		12C9BD74274A58C7004FDF5E /* GroupFeedView.swift in Sources */ = {isa = PBXBuildFile; fileRef = 12C9BD73274A58C7004FDF5E /* GroupFeedView.swift */; };
		12D7793727497303009F0DD5 /* TextArea.swift in Sources */ = {isa = PBXBuildFile; fileRef = 12D7791E27497302009F0DD5 /* TextArea.swift */; };
		12D7793827497303009F0DD5 /* CreatePostView.swift in Sources */ = {isa = PBXBuildFile; fileRef = 12D7791F27497302009F0DD5 /* CreatePostView.swift */; };
		12D7793927497303009F0DD5 /* PostView.swift in Sources */ = {isa = PBXBuildFile; fileRef = 12D7792027497302009F0DD5 /* PostView.swift */; };
		12D7793A27497303009F0DD5 /* CreateComView.swift in Sources */ = {isa = PBXBuildFile; fileRef = 12D7792127497302009F0DD5 /* CreateComView.swift */; };
		12D7793B27497303009F0DD5 /* NotificationCell.swift in Sources */ = {isa = PBXBuildFile; fileRef = 12D7792327497302009F0DD5 /* NotificationCell.swift */; };
		12D7793C27497303009F0DD5 /* NotificationView.swift in Sources */ = {isa = PBXBuildFile; fileRef = 12D7792427497303009F0DD5 /* NotificationView.swift */; };
		12D7793D27497303009F0DD5 /* CommentCellView.swift in Sources */ = {isa = PBXBuildFile; fileRef = 12D7792627497303009F0DD5 /* CommentCellView.swift */; };
		12D7793E27497303009F0DD5 /* CommentInputView.swift in Sources */ = {isa = PBXBuildFile; fileRef = 12D7792727497303009F0DD5 /* CommentInputView.swift */; };
		12D7793F27497303009F0DD5 /* CommentsView.swift in Sources */ = {isa = PBXBuildFile; fileRef = 12D7792827497303009F0DD5 /* CommentsView.swift */; };
		12D7794027497303009F0DD5 /* SearchView.swift in Sources */ = {isa = PBXBuildFile; fileRef = 12D7792A27497303009F0DD5 /* SearchView.swift */; };
		12D7794127497303009F0DD5 /* SearchBar.swift in Sources */ = {isa = PBXBuildFile; fileRef = 12D7792B27497303009F0DD5 /* SearchBar.swift */; };
		12D7794227497303009F0DD5 /* ProfileView.swift in Sources */ = {isa = PBXBuildFile; fileRef = 12D7792D27497303009F0DD5 /* ProfileView.swift */; };
		12D7794327497303009F0DD5 /* FeedView.swift in Sources */ = {isa = PBXBuildFile; fileRef = 12D7792F27497303009F0DD5 /* FeedView.swift */; };
		12D7794427497303009F0DD5 /* FeedCell.swift in Sources */ = {isa = PBXBuildFile; fileRef = 12D7793027497303009F0DD5 /* FeedCell.swift */; };
		12D7794527497303009F0DD5 /* MainView.swift in Sources */ = {isa = PBXBuildFile; fileRef = 12D7793227497303009F0DD5 /* MainView.swift */; };
		12D7794627497303009F0DD5 /* LoginView.swift in Sources */ = {isa = PBXBuildFile; fileRef = 12D7793427497303009F0DD5 /* LoginView.swift */; };
		12D7794727497303009F0DD5 /* ForgotPasswordView.swift in Sources */ = {isa = PBXBuildFile; fileRef = 12D7793527497303009F0DD5 /* ForgotPasswordView.swift */; };
		12D7794827497303009F0DD5 /* RegisterView.swift in Sources */ = {isa = PBXBuildFile; fileRef = 12D7793627497303009F0DD5 /* RegisterView.swift */; };
		12D7794E27497311009F0DD5 /* CustomSecureField.swift in Sources */ = {isa = PBXBuildFile; fileRef = 12D7794A27497311009F0DD5 /* CustomSecureField.swift */; };
		12D7794F27497311009F0DD5 /* imagePicker.swift in Sources */ = {isa = PBXBuildFile; fileRef = 12D7794B27497311009F0DD5 /* imagePicker.swift */; };
		12D7795027497311009F0DD5 /* Extensions.swift in Sources */ = {isa = PBXBuildFile; fileRef = 12D7794C27497311009F0DD5 /* Extensions.swift */; };
		12D7795127497311009F0DD5 /* CustomTextField.swift in Sources */ = {isa = PBXBuildFile; fileRef = 12D7794D27497311009F0DD5 /* CustomTextField.swift */; };
		12D77954274973A4009F0DD5 /* Kingfisher in Frameworks */ = {isa = PBXBuildFile; productRef = 12D77953274973A4009F0DD5 /* Kingfisher */; };
		12F2F7C02744EFBD003365C8 /* UploadPostViewModel.swift in Sources */ = {isa = PBXBuildFile; fileRef = 12F2F7BF2744EFBD003365C8 /* UploadPostViewModel.swift */; };
		12F2F7C327451894003365C8 /* GroupViewModel.swift in Sources */ = {isa = PBXBuildFile; fileRef = 12F2F7C227451894003365C8 /* GroupViewModel.swift */; };
		12F2F7C6274553D1003365C8 /* ImageUploader.swift in Sources */ = {isa = PBXBuildFile; fileRef = 12F2F7C5274553D1003365C8 /* ImageUploader.swift */; };
		12F2F7C92745834E003365C8 /* MessageViewModel.swift in Sources */ = {isa = PBXBuildFile; fileRef = 12F2F7C82745834E003365C8 /* MessageViewModel.swift */; };
		12F2F7CB27458362003365C8 /* Message.swift in Sources */ = {isa = PBXBuildFile; fileRef = 12F2F7CA27458362003365C8 /* Message.swift */; };
		12F2F7CE27458F04003365C8 /* Notification.swift in Sources */ = {isa = PBXBuildFile; fileRef = 12F2F7CD27458F04003365C8 /* Notification.swift */; };
		12F2F7D027458F20003365C8 /* NotificationViewModel.swift in Sources */ = {isa = PBXBuildFile; fileRef = 12F2F7CF27458F20003365C8 /* NotificationViewModel.swift */; };
		12FC56722742882D00E1F653 /* User.swift in Sources */ = {isa = PBXBuildFile; fileRef = 12FC56712742882D00E1F653 /* User.swift */; };
		12FC56772742961C00E1F653 /* FeedViewModel.swift in Sources */ = {isa = PBXBuildFile; fileRef = 12FC56762742961C00E1F653 /* FeedViewModel.swift */; };
		12FC567B2742965F00E1F653 /* FeedCellViewModel.swift in Sources */ = {isa = PBXBuildFile; fileRef = 12FC567A2742965F00E1F653 /* FeedCellViewModel.swift */; };
		12FC567D274297D000E1F653 /* Post.swift in Sources */ = {isa = PBXBuildFile; fileRef = 12FC567C274297D000E1F653 /* Post.swift */; };
		12FC567F2742A28700E1F653 /* GoogleService-Info.plist in Resources */ = {isa = PBXBuildFile; fileRef = 12FC567E2742A28700E1F653 /* GoogleService-Info.plist */; };
		12FC56A92742C14B00E1F653 /* FirebaseStorageSwift-Beta in Frameworks */ = {isa = PBXBuildFile; productRef = 12FC56A82742C14B00E1F653 /* FirebaseStorageSwift-Beta */; };
		12FC56AB2742C14B00E1F653 /* FirebaseFirestoreSwift-Beta in Frameworks */ = {isa = PBXBuildFile; productRef = 12FC56AA2742C14B00E1F653 /* FirebaseFirestoreSwift-Beta */; };
		12FC56AD2742C14B00E1F653 /* FirebaseStorage in Frameworks */ = {isa = PBXBuildFile; productRef = 12FC56AC2742C14B00E1F653 /* FirebaseStorage */; };
		12FC56AF2742C14B00E1F653 /* FirebaseAuth in Frameworks */ = {isa = PBXBuildFile; productRef = 12FC56AE2742C14B00E1F653 /* FirebaseAuth */; };
		12FC56B12742C14B00E1F653 /* FirebaseFirestore in Frameworks */ = {isa = PBXBuildFile; productRef = 12FC56B02742C14B00E1F653 /* FirebaseFirestore */; };
		12FC56B32742C14B00E1F653 /* FirebaseDatabase in Frameworks */ = {isa = PBXBuildFile; productRef = 12FC56B22742C14B00E1F653 /* FirebaseDatabase */; };
		12FC56B62742C6C600E1F653 /* AuthViewModel.swift in Sources */ = {isa = PBXBuildFile; fileRef = 12FC56B52742C6C600E1F653 /* AuthViewModel.swift */; };
/* End PBXBuildFile section */

/* Begin PBXFileReference section */
		120EE44127439C52005B2E32 /* SearchViewModel.swift */ = {isa = PBXFileReference; lastKnownFileType = sourcecode.swift; path = SearchViewModel.swift; sourceTree = "<group>"; };
		120EE4432743AB37005B2E32 /* RedditGroup.swift */ = {isa = PBXFileReference; lastKnownFileType = sourcecode.swift; path = RedditGroup.swift; sourceTree = "<group>"; };
		120EE4452743DE33005B2E32 /* RedditSearchData.swift */ = {isa = PBXFileReference; lastKnownFileType = sourcecode.swift; path = RedditSearchData.swift; sourceTree = "<group>"; };
		120EE44B274401C8005B2E32 /* Comment.swift */ = {isa = PBXFileReference; lastKnownFileType = sourcecode.swift; path = Comment.swift; sourceTree = "<group>"; };
		120EE44D274405E6005B2E32 /* CommentViewModel.swift */ = {isa = PBXFileReference; lastKnownFileType = sourcecode.swift; path = CommentViewModel.swift; sourceTree = "<group>"; };
		120EE44F27441D8D005B2E32 /* UserCommentViewModel.swift */ = {isa = PBXFileReference; lastKnownFileType = sourcecode.swift; path = UserCommentViewModel.swift; sourceTree = "<group>"; };
		120EE45127441F53005B2E32 /* ProfileViewModel.swift */ = {isa = PBXFileReference; lastKnownFileType = sourcecode.swift; path = ProfileViewModel.swift; sourceTree = "<group>"; };
		122BB1C1273EACE500D00E76 /* Reddit-Clone.app */ = {isa = PBXFileReference; explicitFileType = wrapper.application; includeInIndex = 0; path = "Reddit-Clone.app"; sourceTree = BUILT_PRODUCTS_DIR; };
		122BB1C4273EACE500D00E76 /* Reddit_CloneApp.swift */ = {isa = PBXFileReference; lastKnownFileType = sourcecode.swift; path = Reddit_CloneApp.swift; sourceTree = "<group>"; };
		122BB1C6273EACE500D00E76 /* ContentView.swift */ = {isa = PBXFileReference; lastKnownFileType = sourcecode.swift; path = ContentView.swift; sourceTree = "<group>"; };
		122BB1C8273EACE600D00E76 /* Assets.xcassets */ = {isa = PBXFileReference; lastKnownFileType = folder.assetcatalog; path = Assets.xcassets; sourceTree = "<group>"; };
		122BB1CB273EACE600D00E76 /* Preview Assets.xcassets */ = {isa = PBXFileReference; lastKnownFileType = folder.assetcatalog; path = "Preview Assets.xcassets"; sourceTree = "<group>"; };
		122BB1CD273EACE600D00E76 /* Info.plist */ = {isa = PBXFileReference; lastKnownFileType = text.plist.xml; path = Info.plist; sourceTree = "<group>"; };
		12C9BD63274A2304004FDF5E /* GroupCellViewModel.swift */ = {isa = PBXFileReference; lastKnownFileType = sourcecode.swift; path = GroupCellViewModel.swift; sourceTree = "<group>"; };
		12C9BD67274A39A1004FDF5E /* GroupView.swift */ = {isa = PBXFileReference; fileEncoding = 4; lastKnownFileType = sourcecode.swift; path = GroupView.swift; sourceTree = "<group>"; };
		12C9BD69274A39EA004FDF5E /* SearchCell.swift */ = {isa = PBXFileReference; fileEncoding = 4; lastKnownFileType = sourcecode.swift; path = SearchCell.swift; sourceTree = "<group>"; };
		12C9BD6A274A39EA004FDF5E /* SearchListView.swift */ = {isa = PBXFileReference; fileEncoding = 4; lastKnownFileType = sourcecode.swift; path = SearchListView.swift; sourceTree = "<group>"; };
		12C9BD6D274A3BD3004FDF5E /* CreatePostTextView.swift */ = {isa = PBXFileReference; fileEncoding = 4; lastKnownFileType = sourcecode.swift; path = CreatePostTextView.swift; sourceTree = "<group>"; };
		12C9BD6F274A5827004FDF5E /* ProfileFeedView.swift */ = {isa = PBXFileReference; lastKnownFileType = sourcecode.swift; path = ProfileFeedView.swift; sourceTree = "<group>"; };
		12C9BD73274A58C7004FDF5E /* GroupFeedView.swift */ = {isa = PBXFileReference; lastKnownFileType = sourcecode.swift; path = GroupFeedView.swift; sourceTree = "<group>"; };
		12D7791E27497302009F0DD5 /* TextArea.swift */ = {isa = PBXFileReference; fileEncoding = 4; lastKnownFileType = sourcecode.swift; path = TextArea.swift; sourceTree = "<group>"; };
		12D7791F27497302009F0DD5 /* CreatePostView.swift */ = {isa = PBXFileReference; fileEncoding = 4; lastKnownFileType = sourcecode.swift; path = CreatePostView.swift; sourceTree = "<group>"; };
		12D7792027497302009F0DD5 /* PostView.swift */ = {isa = PBXFileReference; fileEncoding = 4; lastKnownFileType = sourcecode.swift; path = PostView.swift; sourceTree = "<group>"; };
		12D7792127497302009F0DD5 /* CreateComView.swift */ = {isa = PBXFileReference; fileEncoding = 4; lastKnownFileType = sourcecode.swift; path = CreateComView.swift; sourceTree = "<group>"; };
		12D7792327497302009F0DD5 /* NotificationCell.swift */ = {isa = PBXFileReference; fileEncoding = 4; lastKnownFileType = sourcecode.swift; path = NotificationCell.swift; sourceTree = "<group>"; };
		12D7792427497303009F0DD5 /* NotificationView.swift */ = {isa = PBXFileReference; fileEncoding = 4; lastKnownFileType = sourcecode.swift; path = NotificationView.swift; sourceTree = "<group>"; };
		12D7792627497303009F0DD5 /* CommentCellView.swift */ = {isa = PBXFileReference; fileEncoding = 4; lastKnownFileType = sourcecode.swift; path = CommentCellView.swift; sourceTree = "<group>"; };
		12D7792727497303009F0DD5 /* CommentInputView.swift */ = {isa = PBXFileReference; fileEncoding = 4; lastKnownFileType = sourcecode.swift; path = CommentInputView.swift; sourceTree = "<group>"; };
		12D7792827497303009F0DD5 /* CommentsView.swift */ = {isa = PBXFileReference; fileEncoding = 4; lastKnownFileType = sourcecode.swift; path = CommentsView.swift; sourceTree = "<group>"; };
		12D7792A27497303009F0DD5 /* SearchView.swift */ = {isa = PBXFileReference; fileEncoding = 4; lastKnownFileType = sourcecode.swift; path = SearchView.swift; sourceTree = "<group>"; };
		12D7792B27497303009F0DD5 /* SearchBar.swift */ = {isa = PBXFileReference; fileEncoding = 4; lastKnownFileType = sourcecode.swift; path = SearchBar.swift; sourceTree = "<group>"; };
		12D7792D27497303009F0DD5 /* ProfileView.swift */ = {isa = PBXFileReference; fileEncoding = 4; lastKnownFileType = sourcecode.swift; path = ProfileView.swift; sourceTree = "<group>"; };
		12D7792F27497303009F0DD5 /* FeedView.swift */ = {isa = PBXFileReference; fileEncoding = 4; lastKnownFileType = sourcecode.swift; path = FeedView.swift; sourceTree = "<group>"; };
		12D7793027497303009F0DD5 /* FeedCell.swift */ = {isa = PBXFileReference; fileEncoding = 4; lastKnownFileType = sourcecode.swift; path = FeedCell.swift; sourceTree = "<group>"; };
		12D7793227497303009F0DD5 /* MainView.swift */ = {isa = PBXFileReference; fileEncoding = 4; lastKnownFileType = sourcecode.swift; path = MainView.swift; sourceTree = "<group>"; };
		12D7793427497303009F0DD5 /* LoginView.swift */ = {isa = PBXFileReference; fileEncoding = 4; lastKnownFileType = sourcecode.swift; path = LoginView.swift; sourceTree = "<group>"; };
		12D7793527497303009F0DD5 /* ForgotPasswordView.swift */ = {isa = PBXFileReference; fileEncoding = 4; lastKnownFileType = sourcecode.swift; path = ForgotPasswordView.swift; sourceTree = "<group>"; };
		12D7793627497303009F0DD5 /* RegisterView.swift */ = {isa = PBXFileReference; fileEncoding = 4; lastKnownFileType = sourcecode.swift; path = RegisterView.swift; sourceTree = "<group>"; };
		12D7794A27497311009F0DD5 /* CustomSecureField.swift */ = {isa = PBXFileReference; fileEncoding = 4; lastKnownFileType = sourcecode.swift; path = CustomSecureField.swift; sourceTree = "<group>"; };
		12D7794B27497311009F0DD5 /* imagePicker.swift */ = {isa = PBXFileReference; fileEncoding = 4; lastKnownFileType = sourcecode.swift; path = imagePicker.swift; sourceTree = "<group>"; };
		12D7794C27497311009F0DD5 /* Extensions.swift */ = {isa = PBXFileReference; fileEncoding = 4; lastKnownFileType = sourcecode.swift; path = Extensions.swift; sourceTree = "<group>"; };
		12D7794D27497311009F0DD5 /* CustomTextField.swift */ = {isa = PBXFileReference; fileEncoding = 4; lastKnownFileType = sourcecode.swift; path = CustomTextField.swift; sourceTree = "<group>"; };
		12F2F7BF2744EFBD003365C8 /* UploadPostViewModel.swift */ = {isa = PBXFileReference; lastKnownFileType = sourcecode.swift; path = UploadPostViewModel.swift; sourceTree = "<group>"; };
		12F2F7C227451894003365C8 /* GroupViewModel.swift */ = {isa = PBXFileReference; lastKnownFileType = sourcecode.swift; path = GroupViewModel.swift; sourceTree = "<group>"; };
		12F2F7C5274553D1003365C8 /* ImageUploader.swift */ = {isa = PBXFileReference; lastKnownFileType = sourcecode.swift; path = ImageUploader.swift; sourceTree = "<group>"; };
		12F2F7C82745834E003365C8 /* MessageViewModel.swift */ = {isa = PBXFileReference; lastKnownFileType = sourcecode.swift; path = MessageViewModel.swift; sourceTree = "<group>"; };
		12F2F7CA27458362003365C8 /* Message.swift */ = {isa = PBXFileReference; lastKnownFileType = sourcecode.swift; path = Message.swift; sourceTree = "<group>"; };
		12F2F7CD27458F04003365C8 /* Notification.swift */ = {isa = PBXFileReference; lastKnownFileType = sourcecode.swift; path = Notification.swift; sourceTree = "<group>"; };
		12F2F7CF27458F20003365C8 /* NotificationViewModel.swift */ = {isa = PBXFileReference; lastKnownFileType = sourcecode.swift; path = NotificationViewModel.swift; sourceTree = "<group>"; };
		12FC56712742882D00E1F653 /* User.swift */ = {isa = PBXFileReference; lastKnownFileType = sourcecode.swift; path = User.swift; sourceTree = "<group>"; };
		12FC56762742961C00E1F653 /* FeedViewModel.swift */ = {isa = PBXFileReference; lastKnownFileType = sourcecode.swift; path = FeedViewModel.swift; sourceTree = "<group>"; };
		12FC567A2742965F00E1F653 /* FeedCellViewModel.swift */ = {isa = PBXFileReference; lastKnownFileType = sourcecode.swift; path = FeedCellViewModel.swift; sourceTree = "<group>"; };
		12FC567C274297D000E1F653 /* Post.swift */ = {isa = PBXFileReference; lastKnownFileType = sourcecode.swift; path = Post.swift; sourceTree = "<group>"; };
		12FC567E2742A28700E1F653 /* GoogleService-Info.plist */ = {isa = PBXFileReference; fileEncoding = 4; lastKnownFileType = text.plist.xml; path = "GoogleService-Info.plist"; sourceTree = "<group>"; };
		12FC56B52742C6C600E1F653 /* AuthViewModel.swift */ = {isa = PBXFileReference; lastKnownFileType = sourcecode.swift; path = AuthViewModel.swift; sourceTree = "<group>"; };
/* End PBXFileReference section */

/* Begin PBXFrameworksBuildPhase section */
		122BB1BE273EACE500D00E76 /* Frameworks */ = {
			isa = PBXFrameworksBuildPhase;
			buildActionMask = 2147483647;
			files = (
				12FC56B32742C14B00E1F653 /* FirebaseDatabase in Frameworks */,
				12FC56A92742C14B00E1F653 /* FirebaseStorageSwift-Beta in Frameworks */,
				12D77954274973A4009F0DD5 /* Kingfisher in Frameworks */,
				12FC56AB2742C14B00E1F653 /* FirebaseFirestoreSwift-Beta in Frameworks */,
				12FC56AD2742C14B00E1F653 /* FirebaseStorage in Frameworks */,
				12FC56B12742C14B00E1F653 /* FirebaseFirestore in Frameworks */,
				12FC56AF2742C14B00E1F653 /* FirebaseAuth in Frameworks */,
			);
			runOnlyForDeploymentPostprocessing = 0;
		};
/* End PBXFrameworksBuildPhase section */

/* Begin PBXGroup section */
		120EE44027439B7D005B2E32 /* Search */ = {
			isa = PBXGroup;
			children = (
				120EE44127439C52005B2E32 /* SearchViewModel.swift */,
			);
			path = Search;
			sourceTree = "<group>";
		};
		120EE4472743FC5D005B2E32 /* Profile */ = {
			isa = PBXGroup;
			children = (
				120EE45127441F53005B2E32 /* ProfileViewModel.swift */,
			);
			path = Profile;
			sourceTree = "<group>";
		};
		120EE44A2743FFCC005B2E32 /* Comment */ = {
			isa = PBXGroup;
			children = (
				120EE44D274405E6005B2E32 /* CommentViewModel.swift */,
				120EE44F27441D8D005B2E32 /* UserCommentViewModel.swift */,
			);
			path = Comment;
			sourceTree = "<group>";
		};
		122BB1B8273EACE500D00E76 = {
			isa = PBXGroup;
			children = (
				122BB1C3273EACE500D00E76 /* Reddit-Clone */,
				122BB1C2273EACE500D00E76 /* Products */,
			);
			sourceTree = "<group>";
		};
		122BB1C2273EACE500D00E76 /* Products */ = {
			isa = PBXGroup;
			children = (
				122BB1C1273EACE500D00E76 /* Reddit-Clone.app */,
			);
			name = Products;
			sourceTree = "<group>";
		};
		122BB1C3273EACE500D00E76 /* Reddit-Clone */ = {
			isa = PBXGroup;
			children = (
				12C9BD66274A396D004FDF5E /* Items */,
				12D7794927497311009F0DD5 /* Utils */,
				12D7791C27497302009F0DD5 /* View */,
				12FC5670274287FF00E1F653 /* ViewModel */,
				12F2F7C4274553B8003365C8 /* API */,
				12FC567E2742A28700E1F653 /* GoogleService-Info.plist */,
				12FC566F274287F600E1F653 /* Model */,
				122BB1C6273EACE500D00E76 /* ContentView.swift */,
				122BB1C4273EACE500D00E76 /* Reddit_CloneApp.swift */,
				122BB1C8273EACE600D00E76 /* Assets.xcassets */,
				122BB1CD273EACE600D00E76 /* Info.plist */,
				122BB1CA273EACE600D00E76 /* Preview Content */,
			);
			path = "Reddit-Clone";
			sourceTree = "<group>";
		};
		122BB1CA273EACE600D00E76 /* Preview Content */ = {
			isa = PBXGroup;
			children = (
				122BB1CB273EACE600D00E76 /* Preview Assets.xcassets */,
			);
			path = "Preview Content";
			sourceTree = "<group>";
		};
		12C9BD65274A3963004FDF5E /* Group */ = {
			isa = PBXGroup;
			children = (
				12C9BD67274A39A1004FDF5E /* GroupView.swift */,
				12C9BD73274A58C7004FDF5E /* GroupFeedView.swift */,
			);
			path = Group;
			sourceTree = "<group>";
		};
		12C9BD66274A396D004FDF5E /* Items */ = {
			isa = PBXGroup;
			children = (
				12C9BD69274A39EA004FDF5E /* SearchCell.swift */,
				12C9BD6A274A39EA004FDF5E /* SearchListView.swift */,
			);
			path = Items;
			sourceTree = "<group>";
		};
		12D7791C27497302009F0DD5 /* View */ = {
			isa = PBXGroup;
			children = (
				12C9BD65274A3963004FDF5E /* Group */,
				12D7791D27497302009F0DD5 /* Post */,
				12D7792227497302009F0DD5 /* Notification */,
				12D7792527497303009F0DD5 /* Comment */,
				12D7792927497303009F0DD5 /* Search */,
				12D7792C27497303009F0DD5 /* Profile */,
				12D7792E27497303009F0DD5 /* Feed */,
				12D7793127497303009F0DD5 /* Main */,
				12D7793327497303009F0DD5 /* Authentication */,
			);
			path = View;
			sourceTree = "<group>";
		};
		12D7791D27497302009F0DD5 /* Post */ = {
			isa = PBXGroup;
			children = (
				12C9BD6D274A3BD3004FDF5E /* CreatePostTextView.swift */,
				12D7791E27497302009F0DD5 /* TextArea.swift */,
				12D7791F27497302009F0DD5 /* CreatePostView.swift */,
				12D7792027497302009F0DD5 /* PostView.swift */,
				12D7792127497302009F0DD5 /* CreateComView.swift */,
			);
			path = Post;
			sourceTree = "<group>";
		};
		12D7792227497302009F0DD5 /* Notification */ = {
			isa = PBXGroup;
			children = (
				12D7792327497302009F0DD5 /* NotificationCell.swift */,
				12D7792427497303009F0DD5 /* NotificationView.swift */,
			);
			path = Notification;
			sourceTree = "<group>";
		};
		12D7792527497303009F0DD5 /* Comment */ = {
			isa = PBXGroup;
			children = (
				12D7792627497303009F0DD5 /* CommentCellView.swift */,
				12D7792727497303009F0DD5 /* CommentInputView.swift */,
				12D7792827497303009F0DD5 /* CommentsView.swift */,
			);
			path = Comment;
			sourceTree = "<group>";
		};
		12D7792927497303009F0DD5 /* Search */ = {
			isa = PBXGroup;
			children = (
				12D7792A27497303009F0DD5 /* SearchView.swift */,
				12D7792B27497303009F0DD5 /* SearchBar.swift */,
			);
			path = Search;
			sourceTree = "<group>";
		};
		12D7792C27497303009F0DD5 /* Profile */ = {
			isa = PBXGroup;
			children = (
				12D7792D27497303009F0DD5 /* ProfileView.swift */,
				12C9BD6F274A5827004FDF5E /* ProfileFeedView.swift */,
			);
			path = Profile;
			sourceTree = "<group>";
		};
		12D7792E27497303009F0DD5 /* Feed */ = {
			isa = PBXGroup;
			children = (
				12D7792F27497303009F0DD5 /* FeedView.swift */,
				12D7793027497303009F0DD5 /* FeedCell.swift */,
			);
			path = Feed;
			sourceTree = "<group>";
		};
		12D7793127497303009F0DD5 /* Main */ = {
			isa = PBXGroup;
			children = (
				12D7793227497303009F0DD5 /* MainView.swift */,
			);
			path = Main;
			sourceTree = "<group>";
		};
		12D7793327497303009F0DD5 /* Authentication */ = {
			isa = PBXGroup;
			children = (
				12D7793427497303009F0DD5 /* LoginView.swift */,
				12D7793527497303009F0DD5 /* ForgotPasswordView.swift */,
				12D7793627497303009F0DD5 /* RegisterView.swift */,
			);
			path = Authentication;
			sourceTree = "<group>";
		};
		12D7794927497311009F0DD5 /* Utils */ = {
			isa = PBXGroup;
			children = (
				12D7794A27497311009F0DD5 /* CustomSecureField.swift */,
				12D7794B27497311009F0DD5 /* imagePicker.swift */,
				12D7794C27497311009F0DD5 /* Extensions.swift */,
				12D7794D27497311009F0DD5 /* CustomTextField.swift */,
			);
			path = Utils;
			sourceTree = "<group>";
		};
		12F2F7BE2744EFA0003365C8 /* UploadPost */ = {
			isa = PBXGroup;
			children = (
				12F2F7BF2744EFBD003365C8 /* UploadPostViewModel.swift */,
			);
			path = UploadPost;
			sourceTree = "<group>";
		};
		12F2F7C127451886003365C8 /* Group */ = {
			isa = PBXGroup;
			children = (
				12F2F7C227451894003365C8 /* GroupViewModel.swift */,
				12C9BD63274A2304004FDF5E /* GroupCellViewModel.swift */,
			);
			path = Group;
			sourceTree = "<group>";
		};
		12F2F7C4274553B8003365C8 /* API */ = {
			isa = PBXGroup;
			children = (
				12F2F7C5274553D1003365C8 /* ImageUploader.swift */,
			);
			path = API;
			sourceTree = "<group>";
		};
		12F2F7C727458265003365C8 /* Messages */ = {
			isa = PBXGroup;
			children = (
				12F2F7C82745834E003365C8 /* MessageViewModel.swift */,
			);
			path = Messages;
			sourceTree = "<group>";
		};
		12F2F7CC27458EF2003365C8 /* Notification */ = {
			isa = PBXGroup;
			children = (
				12F2F7CF27458F20003365C8 /* NotificationViewModel.swift */,
			);
			path = Notification;
			sourceTree = "<group>";
		};
		12FC566F274287F600E1F653 /* Model */ = {
			isa = PBXGroup;
			children = (
				12FC56712742882D00E1F653 /* User.swift */,
				12FC567C274297D000E1F653 /* Post.swift */,
				120EE4432743AB37005B2E32 /* RedditGroup.swift */,
				120EE4452743DE33005B2E32 /* RedditSearchData.swift */,
				120EE44B274401C8005B2E32 /* Comment.swift */,
				12F2F7CA27458362003365C8 /* Message.swift */,
				12F2F7CD27458F04003365C8 /* Notification.swift */,
			);
			path = Model;
			sourceTree = "<group>";
		};
		12FC5670274287FF00E1F653 /* ViewModel */ = {
			isa = PBXGroup;
			children = (
				12F2F7CC27458EF2003365C8 /* Notification */,
				12F2F7C727458265003365C8 /* Messages */,
				12F2F7C127451886003365C8 /* Group */,
				12F2F7BE2744EFA0003365C8 /* UploadPost */,
				120EE44A2743FFCC005B2E32 /* Comment */,
				120EE4472743FC5D005B2E32 /* Profile */,
				120EE44027439B7D005B2E32 /* Search */,
				12FC56B42742C6AC00E1F653 /* Authentication */,
				12FC5675274295F500E1F653 /* Feed */,
			);
			path = ViewModel;
			sourceTree = "<group>";
		};
		12FC5675274295F500E1F653 /* Feed */ = {
			isa = PBXGroup;
			children = (
				12FC56762742961C00E1F653 /* FeedViewModel.swift */,
				12FC567A2742965F00E1F653 /* FeedCellViewModel.swift */,
			);
			path = Feed;
			sourceTree = "<group>";
		};
		12FC56B42742C6AC00E1F653 /* Authentication */ = {
			isa = PBXGroup;
			children = (
				12FC56B52742C6C600E1F653 /* AuthViewModel.swift */,
			);
			path = Authentication;
			sourceTree = "<group>";
		};
/* End PBXGroup section */

/* Begin PBXNativeTarget section */
		122BB1C0273EACE500D00E76 /* Reddit-Clone */ = {
			isa = PBXNativeTarget;
			buildConfigurationList = 122BB1D0273EACE600D00E76 /* Build configuration list for PBXNativeTarget "Reddit-Clone" */;
			buildPhases = (
				122BB1BD273EACE500D00E76 /* Sources */,
				122BB1BE273EACE500D00E76 /* Frameworks */,
				122BB1BF273EACE500D00E76 /* Resources */,
			);
			buildRules = (
			);
			dependencies = (
			);
			name = "Reddit-Clone";
			packageProductDependencies = (
				12FC56A82742C14B00E1F653 /* FirebaseStorageSwift-Beta */,
				12FC56AA2742C14B00E1F653 /* FirebaseFirestoreSwift-Beta */,
				12FC56AC2742C14B00E1F653 /* FirebaseStorage */,
				12FC56AE2742C14B00E1F653 /* FirebaseAuth */,
				12FC56B02742C14B00E1F653 /* FirebaseFirestore */,
				12FC56B22742C14B00E1F653 /* FirebaseDatabase */,
				12D77953274973A4009F0DD5 /* Kingfisher */,
			);
			productName = "Reddit-Clone";
			productReference = 122BB1C1273EACE500D00E76 /* Reddit-Clone.app */;
			productType = "com.apple.product-type.application";
		};
/* End PBXNativeTarget section */

/* Begin PBXProject section */
		122BB1B9273EACE500D00E76 /* Project object */ = {
			isa = PBXProject;
			attributes = {
				LastSwiftUpdateCheck = 1250;
				LastUpgradeCheck = 1250;
				TargetAttributes = {
					122BB1C0273EACE500D00E76 = {
						CreatedOnToolsVersion = 12.5.1;
					};
				};
			};
			buildConfigurationList = 122BB1BC273EACE500D00E76 /* Build configuration list for PBXProject "Reddit-Clone" */;
			compatibilityVersion = "Xcode 9.3";
			developmentRegion = en;
			hasScannedForEncodings = 0;
			knownRegions = (
				en,
				Base,
			);
			mainGroup = 122BB1B8273EACE500D00E76;
			packageReferences = (
				12FC56A72742C14B00E1F653 /* XCRemoteSwiftPackageReference "firebase-ios-sdk" */,
				12D77952274973A3009F0DD5 /* XCRemoteSwiftPackageReference "Kingfisher" */,
			);
			productRefGroup = 122BB1C2273EACE500D00E76 /* Products */;
			projectDirPath = "";
			projectRoot = "";
			targets = (
				122BB1C0273EACE500D00E76 /* Reddit-Clone */,
			);
		};
/* End PBXProject section */

/* Begin PBXResourcesBuildPhase section */
		122BB1BF273EACE500D00E76 /* Resources */ = {
			isa = PBXResourcesBuildPhase;
			buildActionMask = 2147483647;
			files = (
				122BB1CC273EACE600D00E76 /* Preview Assets.xcassets in Resources */,
				122BB1C9273EACE600D00E76 /* Assets.xcassets in Resources */,
				12FC567F2742A28700E1F653 /* GoogleService-Info.plist in Resources */,
			);
			runOnlyForDeploymentPostprocessing = 0;
		};
/* End PBXResourcesBuildPhase section */

/* Begin PBXSourcesBuildPhase section */
		122BB1BD273EACE500D00E76 /* Sources */ = {
			isa = PBXSourcesBuildPhase;
			buildActionMask = 2147483647;
			files = (
				120EE44E274405E6005B2E32 /* CommentViewModel.swift in Sources */,
				12D7794527497303009F0DD5 /* MainView.swift in Sources */,
				12D7794F27497311009F0DD5 /* imagePicker.swift in Sources */,
				120EE4442743AB37005B2E32 /* RedditGroup.swift in Sources */,
				12D7793F27497303009F0DD5 /* CommentsView.swift in Sources */,
				12C9BD74274A58C7004FDF5E /* GroupFeedView.swift in Sources */,
				12F2F7C6274553D1003365C8 /* ImageUploader.swift in Sources */,
				122BB1C7273EACE500D00E76 /* ContentView.swift in Sources */,
				12D7793B27497303009F0DD5 /* NotificationCell.swift in Sources */,
				12FC567B2742965F00E1F653 /* FeedCellViewModel.swift in Sources */,
				120EE44227439C52005B2E32 /* SearchViewModel.swift in Sources */,
				12C9BD70274A5827004FDF5E /* ProfileFeedView.swift in Sources */,
				122BB1C5273EACE500D00E76 /* Reddit_CloneApp.swift in Sources */,
				12D7794727497303009F0DD5 /* ForgotPasswordView.swift in Sources */,
				12C9BD6C274A39EA004FDF5E /* SearchListView.swift in Sources */,
				12C9BD6E274A3BD3004FDF5E /* CreatePostTextView.swift in Sources */,
				12D7793C27497303009F0DD5 /* NotificationView.swift in Sources */,
				12D7795027497311009F0DD5 /* Extensions.swift in Sources */,
				12F2F7CB27458362003365C8 /* Message.swift in Sources */,
				120EE45227441F53005B2E32 /* ProfileViewModel.swift in Sources */,
				12D7795127497311009F0DD5 /* CustomTextField.swift in Sources */,
				12D7794627497303009F0DD5 /* LoginView.swift in Sources */,
				12D7794827497303009F0DD5 /* RegisterView.swift in Sources */,
				120EE4462743DE33005B2E32 /* RedditSearchData.swift in Sources */,
				12D7793927497303009F0DD5 /* PostView.swift in Sources */,
				12D7793E27497303009F0DD5 /* CommentInputView.swift in Sources */,
				12D7794027497303009F0DD5 /* SearchView.swift in Sources */,
				12F2F7C327451894003365C8 /* GroupViewModel.swift in Sources */,
				12F2F7C92745834E003365C8 /* MessageViewModel.swift in Sources */,
				120EE45027441D8D005B2E32 /* UserCommentViewModel.swift in Sources */,
				12C9BD64274A2304004FDF5E /* GroupCellViewModel.swift in Sources */,
				12D7793727497303009F0DD5 /* TextArea.swift in Sources */,
				12FC56B62742C6C600E1F653 /* AuthViewModel.swift in Sources */,
				12D7794427497303009F0DD5 /* FeedCell.swift in Sources */,
				12C9BD68274A39A1004FDF5E /* GroupView.swift in Sources */,
				12D7794127497303009F0DD5 /* SearchBar.swift in Sources */,
				12D7793D27497303009F0DD5 /* CommentCellView.swift in Sources */,
				12D7793827497303009F0DD5 /* CreatePostView.swift in Sources */,
				12FC567D274297D000E1F653 /* Post.swift in Sources */,
				12FC56772742961C00E1F653 /* FeedViewModel.swift in Sources */,
				12F2F7CE27458F04003365C8 /* Notification.swift in Sources */,
				12D7794E27497311009F0DD5 /* CustomSecureField.swift in Sources */,
				12D7793A27497303009F0DD5 /* CreateComView.swift in Sources */,
				12D7794327497303009F0DD5 /* FeedView.swift in Sources */,
				12F2F7D027458F20003365C8 /* NotificationViewModel.swift in Sources */,
				12C9BD6B274A39EA004FDF5E /* SearchCell.swift in Sources */,
				120EE44C274401C8005B2E32 /* Comment.swift in Sources */,
				12FC56722742882D00E1F653 /* User.swift in Sources */,
				12D7794227497303009F0DD5 /* ProfileView.swift in Sources */,
				12F2F7C02744EFBD003365C8 /* UploadPostViewModel.swift in Sources */,
			);
			runOnlyForDeploymentPostprocessing = 0;
		};
/* End PBXSourcesBuildPhase section */

/* Begin XCBuildConfiguration section */
		122BB1CE273EACE600D00E76 /* Debug */ = {
			isa = XCBuildConfiguration;
			buildSettings = {
				ALWAYS_SEARCH_USER_PATHS = NO;
				CLANG_ANALYZER_NONNULL = YES;
				CLANG_ANALYZER_NUMBER_OBJECT_CONVERSION = YES_AGGRESSIVE;
				CLANG_CXX_LANGUAGE_STANDARD = "gnu++14";
				CLANG_CXX_LIBRARY = "libc++";
				CLANG_ENABLE_MODULES = YES;
				CLANG_ENABLE_OBJC_ARC = YES;
				CLANG_ENABLE_OBJC_WEAK = YES;
				CLANG_WARN_BLOCK_CAPTURE_AUTORELEASING = YES;
				CLANG_WARN_BOOL_CONVERSION = YES;
				CLANG_WARN_COMMA = YES;
				CLANG_WARN_CONSTANT_CONVERSION = YES;
				CLANG_WARN_DEPRECATED_OBJC_IMPLEMENTATIONS = YES;
				CLANG_WARN_DIRECT_OBJC_ISA_USAGE = YES_ERROR;
				CLANG_WARN_DOCUMENTATION_COMMENTS = YES;
				CLANG_WARN_EMPTY_BODY = YES;
				CLANG_WARN_ENUM_CONVERSION = YES;
				CLANG_WARN_INFINITE_RECURSION = YES;
				CLANG_WARN_INT_CONVERSION = YES;
				CLANG_WARN_NON_LITERAL_NULL_CONVERSION = YES;
				CLANG_WARN_OBJC_IMPLICIT_RETAIN_SELF = YES;
				CLANG_WARN_OBJC_LITERAL_CONVERSION = YES;
				CLANG_WARN_OBJC_ROOT_CLASS = YES_ERROR;
				CLANG_WARN_QUOTED_INCLUDE_IN_FRAMEWORK_HEADER = YES;
				CLANG_WARN_RANGE_LOOP_ANALYSIS = YES;
				CLANG_WARN_STRICT_PROTOTYPES = YES;
				CLANG_WARN_SUSPICIOUS_MOVE = YES;
				CLANG_WARN_UNGUARDED_AVAILABILITY = YES_AGGRESSIVE;
				CLANG_WARN_UNREACHABLE_CODE = YES;
				CLANG_WARN__DUPLICATE_METHOD_MATCH = YES;
				COPY_PHASE_STRIP = NO;
				DEBUG_INFORMATION_FORMAT = dwarf;
				ENABLE_STRICT_OBJC_MSGSEND = YES;
				ENABLE_TESTABILITY = YES;
				GCC_C_LANGUAGE_STANDARD = gnu11;
				GCC_DYNAMIC_NO_PIC = NO;
				GCC_NO_COMMON_BLOCKS = YES;
				GCC_OPTIMIZATION_LEVEL = 0;
				GCC_PREPROCESSOR_DEFINITIONS = (
					"DEBUG=1",
					"$(inherited)",
				);
				GCC_WARN_64_TO_32_BIT_CONVERSION = YES;
				GCC_WARN_ABOUT_RETURN_TYPE = YES_ERROR;
				GCC_WARN_UNDECLARED_SELECTOR = YES;
				GCC_WARN_UNINITIALIZED_AUTOS = YES_AGGRESSIVE;
				GCC_WARN_UNUSED_FUNCTION = YES;
				GCC_WARN_UNUSED_VARIABLE = YES;
				IPHONEOS_DEPLOYMENT_TARGET = 14.5;
				MTL_ENABLE_DEBUG_INFO = INCLUDE_SOURCE;
				MTL_FAST_MATH = YES;
				ONLY_ACTIVE_ARCH = YES;
				SDKROOT = iphoneos;
				SWIFT_ACTIVE_COMPILATION_CONDITIONS = DEBUG;
				SWIFT_OPTIMIZATION_LEVEL = "-Onone";
			};
			name = Debug;
		};
		122BB1CF273EACE600D00E76 /* Release */ = {
			isa = XCBuildConfiguration;
			buildSettings = {
				ALWAYS_SEARCH_USER_PATHS = NO;
				CLANG_ANALYZER_NONNULL = YES;
				CLANG_ANALYZER_NUMBER_OBJECT_CONVERSION = YES_AGGRESSIVE;
				CLANG_CXX_LANGUAGE_STANDARD = "gnu++14";
				CLANG_CXX_LIBRARY = "libc++";
				CLANG_ENABLE_MODULES = YES;
				CLANG_ENABLE_OBJC_ARC = YES;
				CLANG_ENABLE_OBJC_WEAK = YES;
				CLANG_WARN_BLOCK_CAPTURE_AUTORELEASING = YES;
				CLANG_WARN_BOOL_CONVERSION = YES;
				CLANG_WARN_COMMA = YES;
				CLANG_WARN_CONSTANT_CONVERSION = YES;
				CLANG_WARN_DEPRECATED_OBJC_IMPLEMENTATIONS = YES;
				CLANG_WARN_DIRECT_OBJC_ISA_USAGE = YES_ERROR;
				CLANG_WARN_DOCUMENTATION_COMMENTS = YES;
				CLANG_WARN_EMPTY_BODY = YES;
				CLANG_WARN_ENUM_CONVERSION = YES;
				CLANG_WARN_INFINITE_RECURSION = YES;
				CLANG_WARN_INT_CONVERSION = YES;
				CLANG_WARN_NON_LITERAL_NULL_CONVERSION = YES;
				CLANG_WARN_OBJC_IMPLICIT_RETAIN_SELF = YES;
				CLANG_WARN_OBJC_LITERAL_CONVERSION = YES;
				CLANG_WARN_OBJC_ROOT_CLASS = YES_ERROR;
				CLANG_WARN_QUOTED_INCLUDE_IN_FRAMEWORK_HEADER = YES;
				CLANG_WARN_RANGE_LOOP_ANALYSIS = YES;
				CLANG_WARN_STRICT_PROTOTYPES = YES;
				CLANG_WARN_SUSPICIOUS_MOVE = YES;
				CLANG_WARN_UNGUARDED_AVAILABILITY = YES_AGGRESSIVE;
				CLANG_WARN_UNREACHABLE_CODE = YES;
				CLANG_WARN__DUPLICATE_METHOD_MATCH = YES;
				COPY_PHASE_STRIP = NO;
				DEBUG_INFORMATION_FORMAT = "dwarf-with-dsym";
				ENABLE_NS_ASSERTIONS = NO;
				ENABLE_STRICT_OBJC_MSGSEND = YES;
				GCC_C_LANGUAGE_STANDARD = gnu11;
				GCC_NO_COMMON_BLOCKS = YES;
				GCC_WARN_64_TO_32_BIT_CONVERSION = YES;
				GCC_WARN_ABOUT_RETURN_TYPE = YES_ERROR;
				GCC_WARN_UNDECLARED_SELECTOR = YES;
				GCC_WARN_UNINITIALIZED_AUTOS = YES_AGGRESSIVE;
				GCC_WARN_UNUSED_FUNCTION = YES;
				GCC_WARN_UNUSED_VARIABLE = YES;
				IPHONEOS_DEPLOYMENT_TARGET = 14.5;
				MTL_ENABLE_DEBUG_INFO = NO;
				MTL_FAST_MATH = YES;
				SDKROOT = iphoneos;
				SWIFT_COMPILATION_MODE = wholemodule;
				SWIFT_OPTIMIZATION_LEVEL = "-O";
				VALIDATE_PRODUCT = YES;
			};
			name = Release;
		};
		122BB1D1273EACE600D00E76 /* Debug */ = {
			isa = XCBuildConfiguration;
			buildSettings = {
				ASSETCATALOG_COMPILER_APPICON_NAME = AppIcon;
				ASSETCATALOG_COMPILER_GLOBAL_ACCENT_COLOR_NAME = AccentColor;
				CODE_SIGN_STYLE = Automatic;
				DEVELOPMENT_ASSET_PATHS = "\"Reddit-Clone/Preview Content\"";
				ENABLE_PREVIEWS = YES;
				INFOPLIST_FILE = "Reddit-Clone/Info.plist";
				IPHONEOS_DEPLOYMENT_TARGET = 14.0;
				LD_RUNPATH_SEARCH_PATHS = (
					"$(inherited)",
					"@executable_path/Frameworks",
				);
				PRODUCT_BUNDLE_IDENTIFIER = "suthichai.chu-th.ac.dome.Reddit-Clone";
				PRODUCT_NAME = "$(TARGET_NAME)";
				SWIFT_VERSION = 5.0;
				TARGETED_DEVICE_FAMILY = "1,2";
			};
			name = Debug;
		};
		122BB1D2273EACE600D00E76 /* Release */ = {
			isa = XCBuildConfiguration;
			buildSettings = {
				ASSETCATALOG_COMPILER_APPICON_NAME = AppIcon;
				ASSETCATALOG_COMPILER_GLOBAL_ACCENT_COLOR_NAME = AccentColor;
				CODE_SIGN_STYLE = Automatic;
				DEVELOPMENT_ASSET_PATHS = "\"Reddit-Clone/Preview Content\"";
				ENABLE_PREVIEWS = YES;
				INFOPLIST_FILE = "Reddit-Clone/Info.plist";
				IPHONEOS_DEPLOYMENT_TARGET = 14.0;
				LD_RUNPATH_SEARCH_PATHS = (
					"$(inherited)",
					"@executable_path/Frameworks",
				);
				PRODUCT_BUNDLE_IDENTIFIER = "suthichai.chu-th.ac.dome.Reddit-Clone";
				PRODUCT_NAME = "$(TARGET_NAME)";
				SWIFT_VERSION = 5.0;
				TARGETED_DEVICE_FAMILY = "1,2";
			};
			name = Release;
		};
/* End XCBuildConfiguration section */

/* Begin XCConfigurationList section */
		122BB1BC273EACE500D00E76 /* Build configuration list for PBXProject "Reddit-Clone" */ = {
			isa = XCConfigurationList;
			buildConfigurations = (
				122BB1CE273EACE600D00E76 /* Debug */,
				122BB1CF273EACE600D00E76 /* Release */,
			);
			defaultConfigurationIsVisible = 0;
			defaultConfigurationName = Release;
		};
		122BB1D0273EACE600D00E76 /* Build configuration list for PBXNativeTarget "Reddit-Clone" */ = {
			isa = XCConfigurationList;
			buildConfigurations = (
				122BB1D1273EACE600D00E76 /* Debug */,
				122BB1D2273EACE600D00E76 /* Release */,
			);
			defaultConfigurationIsVisible = 0;
			defaultConfigurationName = Release;
		};
/* End XCConfigurationList section */

/* Begin XCRemoteSwiftPackageReference section */
		12D77952274973A3009F0DD5 /* XCRemoteSwiftPackageReference "Kingfisher" */ = {
			isa = XCRemoteSwiftPackageReference;
			repositoryURL = "https://github.com/onevcat/Kingfisher.git";
			requirement = {
				kind = upToNextMajorVersion;
				minimumVersion = 7.1.1;
			};
		};
		12FC56A72742C14B00E1F653 /* XCRemoteSwiftPackageReference "firebase-ios-sdk" */ = {
			isa = XCRemoteSwiftPackageReference;
			repositoryURL = "https://github.com/firebase/firebase-ios-sdk.git";
			requirement = {
				kind = upToNextMajorVersion;
				minimumVersion = 8.9.1;
			};
		};
/* End XCRemoteSwiftPackageReference section */

/* Begin XCSwiftPackageProductDependency section */
		12D77953274973A4009F0DD5 /* Kingfisher */ = {
			isa = XCSwiftPackageProductDependency;
			package = 12D77952274973A3009F0DD5 /* XCRemoteSwiftPackageReference "Kingfisher" */;
			productName = Kingfisher;
		};
		12FC56A82742C14B00E1F653 /* FirebaseStorageSwift-Beta */ = {
			isa = XCSwiftPackageProductDependency;
			package = 12FC56A72742C14B00E1F653 /* XCRemoteSwiftPackageReference "firebase-ios-sdk" */;
			productName = "FirebaseStorageSwift-Beta";
		};
		12FC56AA2742C14B00E1F653 /* FirebaseFirestoreSwift-Beta */ = {
			isa = XCSwiftPackageProductDependency;
			package = 12FC56A72742C14B00E1F653 /* XCRemoteSwiftPackageReference "firebase-ios-sdk" */;
			productName = "FirebaseFirestoreSwift-Beta";
		};
		12FC56AC2742C14B00E1F653 /* FirebaseStorage */ = {
			isa = XCSwiftPackageProductDependency;
			package = 12FC56A72742C14B00E1F653 /* XCRemoteSwiftPackageReference "firebase-ios-sdk" */;
			productName = FirebaseStorage;
		};
		12FC56AE2742C14B00E1F653 /* FirebaseAuth */ = {
			isa = XCSwiftPackageProductDependency;
			package = 12FC56A72742C14B00E1F653 /* XCRemoteSwiftPackageReference "firebase-ios-sdk" */;
			productName = FirebaseAuth;
		};
		12FC56B02742C14B00E1F653 /* FirebaseFirestore */ = {
			isa = XCSwiftPackageProductDependency;
			package = 12FC56A72742C14B00E1F653 /* XCRemoteSwiftPackageReference "firebase-ios-sdk" */;
			productName = FirebaseFirestore;
		};
		12FC56B22742C14B00E1F653 /* FirebaseDatabase */ = {
			isa = XCSwiftPackageProductDependency;
			package = 12FC56A72742C14B00E1F653 /* XCRemoteSwiftPackageReference "firebase-ios-sdk" */;
			productName = FirebaseDatabase;
		};
/* End XCSwiftPackageProductDependency section */
	};
	rootObject = 122BB1B9273EACE500D00E76 /* Project object */;
}
